// !$*UTF8*$!
{
	archiveVersion = 1;
	classes = {
	};
	objectVersion = 55;
	objects = {

/* Begin PBXBuildFile section */
		28E560CE279E604D0052200F /* AppDelegate.swift in Sources */ = {isa = PBXBuildFile; fileRef = 28E560CD279E604D0052200F /* AppDelegate.swift */; };
		28E560D0279E604D0052200F /* SceneDelegate.swift in Sources */ = {isa = PBXBuildFile; fileRef = 28E560CF279E604D0052200F /* SceneDelegate.swift */; };
		28E560D2279E604D0052200F /* ViewController.swift in Sources */ = {isa = PBXBuildFile; fileRef = 28E560D1279E604D0052200F /* ViewController.swift */; };
		28E560D5279E604D0052200F /* Main.storyboard in Resources */ = {isa = PBXBuildFile; fileRef = 28E560D3279E604D0052200F /* Main.storyboard */; };
		28E560D7279E60520052200F /* Assets.xcassets in Resources */ = {isa = PBXBuildFile; fileRef = 28E560D6279E60520052200F /* Assets.xcassets */; };
		28E560DA279E60520052200F /* LaunchScreen.storyboard in Resources */ = {isa = PBXBuildFile; fileRef = 28E560D8279E60520052200F /* LaunchScreen.storyboard */; };
		28E560E5279E60530052200F /* You_are_Awesome_Tests.swift in Sources */ = {isa = PBXBuildFile; fileRef = 28E560E4279E60530052200F /* You_are_Awesome_Tests.swift */; };
		28E560EF279E60530052200F /* You_are_Awesome_UITests.swift in Sources */ = {isa = PBXBuildFile; fileRef = 28E560EE279E60530052200F /* You_are_Awesome_UITests.swift */; };
		28E560F1279E60530052200F /* You_are_Awesome_UITestsLaunchTests.swift in Sources */ = {isa = PBXBuildFile; fileRef = 28E560F0279E60530052200F /* You_are_Awesome_UITestsLaunchTests.swift */; };
/* End PBXBuildFile section */

/* Begin PBXContainerItemProxy section */
		28E560E1279E60530052200F /* PBXContainerItemProxy */ = {
			isa = PBXContainerItemProxy;
			containerPortal = 28E560C2279E604C0052200F /* Project object */;
			proxyType = 1;
			remoteGlobalIDString = 28E560C9279E604D0052200F;
			remoteInfo = "You are Awesome!";
		};
		28E560EB279E60530052200F /* PBXContainerItemProxy */ = {
			isa = PBXContainerItemProxy;
			containerPortal = 28E560C2279E604C0052200F /* Project object */;
			proxyType = 1;
			remoteGlobalIDString = 28E560C9279E604D0052200F;
			remoteInfo = "You are Awesome!";
		};
/* End PBXContainerItemProxy section */

/* Begin PBXFileReference section */
		28E560CA279E604D0052200F /* You are Awesome!.app */ = {isa = PBXFileReference; explicitFileType = wrapper.application; includeInIndex = 0; path = "You are Awesome!.app"; sourceTree = BUILT_PRODUCTS_DIR; };
		28E560CD279E604D0052200F /* AppDelegate.swift */ = {isa = PBXFileReference; lastKnownFileType = sourcecode.swift; path = AppDelegate.swift; sourceTree = "<group>"; };
		28E560CF279E604D0052200F /* SceneDelegate.swift */ = {isa = PBXFileReference; lastKnownFileType = sourcecode.swift; path = SceneDelegate.swift; sourceTree = "<group>"; };
		28E560D1279E604D0052200F /* ViewController.swift */ = {isa = PBXFileReference; lastKnownFileType = sourcecode.swift; path = ViewController.swift; sourceTree = "<group>"; };
		28E560D4279E604D0052200F /* Base */ = {isa = PBXFileReference; lastKnownFileType = file.storyboard; name = Base; path = Base.lproj/Main.storyboard; sourceTree = "<group>"; };
		28E560D6279E60520052200F /* Assets.xcassets */ = {isa = PBXFileReference; lastKnownFileType = folder.assetcatalog; path = Assets.xcassets; sourceTree = "<group>"; };
		28E560D9279E60520052200F /* Base */ = {isa = PBXFileReference; lastKnownFileType = file.storyboard; name = Base; path = Base.lproj/LaunchScreen.storyboard; sourceTree = "<group>"; };
		28E560DB279E60520052200F /* Info.plist */ = {isa = PBXFileReference; lastKnownFileType = text.plist.xml; path = Info.plist; sourceTree = "<group>"; };
		28E560E0279E60530052200F /* You are Awesome!Tests.xctest */ = {isa = PBXFileReference; explicitFileType = wrapper.cfbundle; includeInIndex = 0; path = "You are Awesome!Tests.xctest"; sourceTree = BUILT_PRODUCTS_DIR; };
		28E560E4279E60530052200F /* You_are_Awesome_Tests.swift */ = {isa = PBXFileReference; lastKnownFileType = sourcecode.swift; path = You_are_Awesome_Tests.swift; sourceTree = "<group>"; };
		28E560EA279E60530052200F /* You are Awesome!UITests.xctest */ = {isa = PBXFileReference; explicitFileType = wrapper.cfbundle; includeInIndex = 0; path = "You are Awesome!UITests.xctest"; sourceTree = BUILT_PRODUCTS_DIR; };
		28E560EE279E60530052200F /* You_are_Awesome_UITests.swift */ = {isa = PBXFileReference; lastKnownFileType = sourcecode.swift; path = You_are_Awesome_UITests.swift; sourceTree = "<group>"; };
		28E560F0279E60530052200F /* You_are_Awesome_UITestsLaunchTests.swift */ = {isa = PBXFileReference; lastKnownFileType = sourcecode.swift; path = You_are_Awesome_UITestsLaunchTests.swift; sourceTree = "<group>"; };
/* End PBXFileReference section */

/* Begin PBXFrameworksBuildPhase section */
		28E560C7279E604D0052200F /* Frameworks */ = {
			isa = PBXFrameworksBuildPhase;
			buildActionMask = 2147483647;
			files = (
			);
			runOnlyForDeploymentPostprocessing = 0;
		};
		28E560DD279E60530052200F /* Frameworks */ = {
			isa = PBXFrameworksBuildPhase;
			buildActionMask = 2147483647;
			files = (
			);
			runOnlyForDeploymentPostprocessing = 0;
		};
		28E560E7279E60530052200F /* Frameworks */ = {
			isa = PBXFrameworksBuildPhase;
			buildActionMask = 2147483647;
			files = (
			);
			runOnlyForDeploymentPostprocessing = 0;
		};
/* End PBXFrameworksBuildPhase section */

/* Begin PBXGroup section */
		28E560C1279E604C0052200F = {
			isa = PBXGroup;
			children = (
				28E560CC279E604D0052200F /* You are Awesome! */,
				28E560E3279E60530052200F /* You are Awesome!Tests */,
				28E560ED279E60530052200F /* You are Awesome!UITests */,
				28E560CB279E604D0052200F /* Products */,
			);
			sourceTree = "<group>";
		};
		28E560CB279E604D0052200F /* Products */ = {
			isa = PBXGroup;
			children = (
				28E560CA279E604D0052200F /* You are Awesome!.app */,
				28E560E0279E60530052200F /* You are Awesome!Tests.xctest */,
				28E560EA279E60530052200F /* You are Awesome!UITests.xctest */,
			);
			name = Products;
			sourceTree = "<group>";
		};
		28E560CC279E604D0052200F /* You are Awesome! */ = {
			isa = PBXGroup;
			children = (
				28E560CD279E604D0052200F /* AppDelegate.swift */,
				28E560CF279E604D0052200F /* SceneDelegate.swift */,
				28E560D1279E604D0052200F /* ViewController.swift */,
				28E560D3279E604D0052200F /* Main.storyboard */,
				28E560D6279E60520052200F /* Assets.xcassets */,
				28E560D8279E60520052200F /* LaunchScreen.storyboard */,
				28E560DB279E60520052200F /* Info.plist */,
			);
			path = "You are Awesome!";
			sourceTree = "<group>";
		};
		28E560E3279E60530052200F /* You are Awesome!Tests */ = {
			isa = PBXGroup;
			children = (
				28E560E4279E60530052200F /* You_are_Awesome_Tests.swift */,
			);
			path = "You are Awesome!Tests";
			sourceTree = "<group>";
		};
		28E560ED279E60530052200F /* You are Awesome!UITests */ = {
			isa = PBXGroup;
			children = (
				28E560EE279E60530052200F /* You_are_Awesome_UITests.swift */,
				28E560F0279E60530052200F /* You_are_Awesome_UITestsLaunchTests.swift */,
			);
			path = "You are Awesome!UITests";
			sourceTree = "<group>";
		};
/* End PBXGroup section */

/* Begin PBXNativeTarget section */
		28E560C9279E604D0052200F /* You are Awesome! */ = {
			isa = PBXNativeTarget;
			buildConfigurationList = 28E560F4279E60530052200F /* Build configuration list for PBXNativeTarget "You are Awesome!" */;
			buildPhases = (
				28E560C6279E604D0052200F /* Sources */,
				28E560C7279E604D0052200F /* Frameworks */,
				28E560C8279E604D0052200F /* Resources */,
			);
			buildRules = (
			);
			dependencies = (
			);
			name = "You are Awesome!";
			productName = "You are Awesome!";
			productReference = 28E560CA279E604D0052200F /* You are Awesome!.app */;
			productType = "com.apple.product-type.application";
		};
		28E560DF279E60530052200F /* You are Awesome!Tests */ = {
			isa = PBXNativeTarget;
			buildConfigurationList = 28E560F7279E60530052200F /* Build configuration list for PBXNativeTarget "You are Awesome!Tests" */;
			buildPhases = (
				28E560DC279E60530052200F /* Sources */,
				28E560DD279E60530052200F /* Frameworks */,
				28E560DE279E60530052200F /* Resources */,
			);
			buildRules = (
			);
			dependencies = (
				28E560E2279E60530052200F /* PBXTargetDependency */,
			);
			name = "You are Awesome!Tests";
			productName = "You are Awesome!Tests";
			productReference = 28E560E0279E60530052200F /* You are Awesome!Tests.xctest */;
			productType = "com.apple.product-type.bundle.unit-test";
		};
		28E560E9279E60530052200F /* You are Awesome!UITests */ = {
			isa = PBXNativeTarget;
			buildConfigurationList = 28E560FA279E60530052200F /* Build configuration list for PBXNativeTarget "You are Awesome!UITests" */;
			buildPhases = (
				28E560E6279E60530052200F /* Sources */,
				28E560E7279E60530052200F /* Frameworks */,
				28E560E8279E60530052200F /* Resources */,
			);
			buildRules = (
			);
			dependencies = (
				28E560EC279E60530052200F /* PBXTargetDependency */,
			);
			name = "You are Awesome!UITests";
			productName = "You are Awesome!UITests";
			productReference = 28E560EA279E60530052200F /* You are Awesome!UITests.xctest */;
			productType = "com.apple.product-type.bundle.ui-testing";
		};
/* End PBXNativeTarget section */

/* Begin PBXProject section */
		28E560C2279E604C0052200F /* Project object */ = {
			isa = PBXProject;
			attributes = {
				BuildIndependentTargetsInParallel = 1;
				LastSwiftUpdateCheck = 1320;
				LastUpgradeCheck = 1320;
				TargetAttributes = {
					28E560C9279E604D0052200F = {
						CreatedOnToolsVersion = 13.2.1;
					};
					28E560DF279E60530052200F = {
						CreatedOnToolsVersion = 13.2.1;
						TestTargetID = 28E560C9279E604D0052200F;
					};
					28E560E9279E60530052200F = {
						CreatedOnToolsVersion = 13.2.1;
						TestTargetID = 28E560C9279E604D0052200F;
					};
				};
			};
			buildConfigurationList = 28E560C5279E604C0052200F /* Build configuration list for PBXProject "You are Awesome!" */;
			compatibilityVersion = "Xcode 13.0";
			developmentRegion = en;
			hasScannedForEncodings = 0;
			knownRegions = (
				en,
				Base,
			);
			mainGroup = 28E560C1279E604C0052200F;
			productRefGroup = 28E560CB279E604D0052200F /* Products */;
			projectDirPath = "";
			projectRoot = "";
			targets = (
				28E560C9279E604D0052200F /* You are Awesome! */,
				28E560DF279E60530052200F /* You are Awesome!Tests */,
				28E560E9279E60530052200F /* You are Awesome!UITests */,
			);
		};
/* End PBXProject section */

/* Begin PBXResourcesBuildPhase section */
		28E560C8279E604D0052200F /* Resources */ = {
			isa = PBXResourcesBuildPhase;
			buildActionMask = 2147483647;
			files = (
				28E560DA279E60520052200F /* LaunchScreen.storyboard in Resources */,
				28E560D7279E60520052200F /* Assets.xcassets in Resources */,
				28E560D5279E604D0052200F /* Main.storyboard in Resources */,
			);
			runOnlyForDeploymentPostprocessing = 0;
		};
		28E560DE279E60530052200F /* Resources */ = {
			isa = PBXResourcesBuildPhase;
			buildActionMask = 2147483647;
			files = (
			);
			runOnlyForDeploymentPostprocessing = 0;
		};
		28E560E8279E60530052200F /* Resources */ = {
			isa = PBXResourcesBuildPhase;
			buildActionMask = 2147483647;
			files = (
			);
			runOnlyForDeploymentPostprocessing = 0;
		};
/* End PBXResourcesBuildPhase section */

/* Begin PBXSourcesBuildPhase section */
		28E560C6279E604D0052200F /* Sources */ = {
			isa = PBXSourcesBuildPhase;
			buildActionMask = 2147483647;
			files = (
				28E560D2279E604D0052200F /* ViewController.swift in Sources */,
				28E560CE279E604D0052200F /* AppDelegate.swift in Sources */,
				28E560D0279E604D0052200F /* SceneDelegate.swift in Sources */,
			);
			runOnlyForDeploymentPostprocessing = 0;
		};
		28E560DC279E60530052200F /* Sources */ = {
			isa = PBXSourcesBuildPhase;
			buildActionMask = 2147483647;
			files = (
				28E560E5279E60530052200F /* You_are_Awesome_Tests.swift in Sources */,
			);
			runOnlyForDeploymentPostprocessing = 0;
		};
		28E560E6279E60530052200F /* Sources */ = {
			isa = PBXSourcesBuildPhase;
			buildActionMask = 2147483647;
			files = (
				28E560EF279E60530052200F /* You_are_Awesome_UITests.swift in Sources */,
				28E560F1279E60530052200F /* You_are_Awesome_UITestsLaunchTests.swift in Sources */,
			);
			runOnlyForDeploymentPostprocessing = 0;
		};
/* End PBXSourcesBuildPhase section */

/* Begin PBXTargetDependency section */
		28E560E2279E60530052200F /* PBXTargetDependency */ = {
			isa = PBXTargetDependency;
			target = 28E560C9279E604D0052200F /* You are Awesome! */;
			targetProxy = 28E560E1279E60530052200F /* PBXContainerItemProxy */;
		};
		28E560EC279E60530052200F /* PBXTargetDependency */ = {
			isa = PBXTargetDependency;
			target = 28E560C9279E604D0052200F /* You are Awesome! */;
			targetProxy = 28E560EB279E60530052200F /* PBXContainerItemProxy */;
		};
/* End PBXTargetDependency section */

/* Begin PBXVariantGroup section */
		28E560D3279E604D0052200F /* Main.storyboard */ = {
			isa = PBXVariantGroup;
			children = (
				28E560D4279E604D0052200F /* Base */,
			);
			name = Main.storyboard;
			sourceTree = "<group>";
		};
		28E560D8279E60520052200F /* LaunchScreen.storyboard */ = {
			isa = PBXVariantGroup;
			children = (
				28E560D9279E60520052200F /* Base */,
			);
			name = LaunchScreen.storyboard;
			sourceTree = "<group>";
		};
/* End PBXVariantGroup section */

/* Begin XCBuildConfiguration section */
		28E560F2279E60530052200F /* Debug */ = {
			isa = XCBuildConfiguration;
			buildSettings = {
				ALWAYS_SEARCH_USER_PATHS = NO;
				CLANG_ANALYZER_NONNULL = YES;
				CLANG_ANALYZER_NUMBER_OBJECT_CONVERSION = YES_AGGRESSIVE;
				CLANG_CXX_LANGUAGE_STANDARD = "gnu++17";
				CLANG_CXX_LIBRARY = "libc++";
				CLANG_ENABLE_MODULES = YES;
				CLANG_ENABLE_OBJC_ARC = YES;
				CLANG_ENABLE_OBJC_WEAK = YES;
				CLANG_WARN_BLOCK_CAPTURE_AUTORELEASING = YES;
				CLANG_WARN_BOOL_CONVERSION = YES;
				CLANG_WARN_COMMA = YES;
				CLANG_WARN_CONSTANT_CONVERSION = YES;
				CLANG_WARN_DEPRECATED_OBJC_IMPLEMENTATIONS = YES;
				CLANG_WARN_DIRECT_OBJC_ISA_USAGE = YES_ERROR;
				CLANG_WARN_DOCUMENTATION_COMMENTS = YES;
				CLANG_WARN_EMPTY_BODY = YES;
				CLANG_WARN_ENUM_CONVERSION = YES;
				CLANG_WARN_INFINITE_RECURSION = YES;
				CLANG_WARN_INT_CONVERSION = YES;
				CLANG_WARN_NON_LITERAL_NULL_CONVERSION = YES;
				CLANG_WARN_OBJC_IMPLICIT_RETAIN_SELF = YES;
				CLANG_WARN_OBJC_LITERAL_CONVERSION = YES;
				CLANG_WARN_OBJC_ROOT_CLASS = YES_ERROR;
				CLANG_WARN_QUOTED_INCLUDE_IN_FRAMEWORK_HEADER = YES;
				CLANG_WARN_RANGE_LOOP_ANALYSIS = YES;
				CLANG_WARN_STRICT_PROTOTYPES = YES;
				CLANG_WARN_SUSPICIOUS_MOVE = YES;
				CLANG_WARN_UNGUARDED_AVAILABILITY = YES_AGGRESSIVE;
				CLANG_WARN_UNREACHABLE_CODE = YES;
				CLANG_WARN__DUPLICATE_METHOD_MATCH = YES;
				COPY_PHASE_STRIP = NO;
				DEBUG_INFORMATION_FORMAT = dwarf;
				ENABLE_STRICT_OBJC_MSGSEND = YES;
				ENABLE_TESTABILITY = YES;
				GCC_C_LANGUAGE_STANDARD = gnu11;
				GCC_DYNAMIC_NO_PIC = NO;
				GCC_NO_COMMON_BLOCKS = YES;
				GCC_OPTIMIZATION_LEVEL = 0;
				GCC_PREPROCESSOR_DEFINITIONS = (
					"DEBUG=1",
					"$(inherited)",
				);
				GCC_WARN_64_TO_32_BIT_CONVERSION = YES;
				GCC_WARN_ABOUT_RETURN_TYPE = YES_ERROR;
				GCC_WARN_UNDECLARED_SELECTOR = YES;
				GCC_WARN_UNINITIALIZED_AUTOS = YES_AGGRESSIVE;
				GCC_WARN_UNUSED_FUNCTION = YES;
				GCC_WARN_UNUSED_VARIABLE = YES;
				IPHONEOS_DEPLOYMENT_TARGET = 15.2;
				MTL_ENABLE_DEBUG_INFO = INCLUDE_SOURCE;
				MTL_FAST_MATH = YES;
				ONLY_ACTIVE_ARCH = YES;
				SDKROOT = iphoneos;
				SWIFT_ACTIVE_COMPILATION_CONDITIONS = DEBUG;
				SWIFT_OPTIMIZATION_LEVEL = "-Onone";
			};
			name = Debug;
		};
		28E560F3279E60530052200F /* Release */ = {
			isa = XCBuildConfiguration;
			buildSettings = {
				ALWAYS_SEARCH_USER_PATHS = NO;
				CLANG_ANALYZER_NONNULL = YES;
				CLANG_ANALYZER_NUMBER_OBJECT_CONVERSION = YES_AGGRESSIVE;
				CLANG_CXX_LANGUAGE_STANDARD = "gnu++17";
				CLANG_CXX_LIBRARY = "libc++";
				CLANG_ENABLE_MODULES = YES;
				CLANG_ENABLE_OBJC_ARC = YES;
				CLANG_ENABLE_OBJC_WEAK = YES;
				CLANG_WARN_BLOCK_CAPTURE_AUTORELEASING = YES;
				CLANG_WARN_BOOL_CONVERSION = YES;
				CLANG_WARN_COMMA = YES;
				CLANG_WARN_CONSTANT_CONVERSION = YES;
				CLANG_WARN_DEPRECATED_OBJC_IMPLEMENTATIONS = YES;
				CLANG_WARN_DIRECT_OBJC_ISA_USAGE = YES_ERROR;
				CLANG_WARN_DOCUMENTATION_COMMENTS = YES;
				CLANG_WARN_EMPTY_BODY = YES;
				CLANG_WARN_ENUM_CONVERSION = YES;
				CLANG_WARN_INFINITE_RECURSION = YES;
				CLANG_WARN_INT_CONVERSION = YES;
				CLANG_WARN_NON_LITERAL_NULL_CONVERSION = YES;
				CLANG_WARN_OBJC_IMPLICIT_RETAIN_SELF = YES;
				CLANG_WARN_OBJC_LITERAL_CONVERSION = YES;
				CLANG_WARN_OBJC_ROOT_CLASS = YES_ERROR;
				CLANG_WARN_QUOTED_INCLUDE_IN_FRAMEWORK_HEADER = YES;
				CLANG_WARN_RANGE_LOOP_ANALYSIS = YES;
				CLANG_WARN_STRICT_PROTOTYPES = YES;
				CLANG_WARN_SUSPICIOUS_MOVE = YES;
				CLANG_WARN_UNGUARDED_AVAILABILITY = YES_AGGRESSIVE;
				CLANG_WARN_UNREACHABLE_CODE = YES;
				CLANG_WARN__DUPLICATE_METHOD_MATCH = YES;
				COPY_PHASE_STRIP = NO;
				DEBUG_INFORMATION_FORMAT = "dwarf-with-dsym";
				ENABLE_NS_ASSERTIONS = NO;
				ENABLE_STRICT_OBJC_MSGSEND = YES;
				GCC_C_LANGUAGE_STANDARD = gnu11;
				GCC_NO_COMMON_BLOCKS = YES;
				GCC_WARN_64_TO_32_BIT_CONVERSION = YES;
				GCC_WARN_ABOUT_RETURN_TYPE = YES_ERROR;
				GCC_WARN_UNDECLARED_SELECTOR = YES;
				GCC_WARN_UNINITIALIZED_AUTOS = YES_AGGRESSIVE;
				GCC_WARN_UNUSED_FUNCTION = YES;
				GCC_WARN_UNUSED_VARIABLE = YES;
				IPHONEOS_DEPLOYMENT_TARGET = 15.2;
				MTL_ENABLE_DEBUG_INFO = NO;
				MTL_FAST_MATH = YES;
				SDKROOT = iphoneos;
				SWIFT_COMPILATION_MODE = wholemodule;
				SWIFT_OPTIMIZATION_LEVEL = "-O";
				VALIDATE_PRODUCT = YES;
			};
			name = Release;
		};
		28E560F5279E60530052200F /* Debug */ = {
			isa = XCBuildConfiguration;
			buildSettings = {
				ASSETCATALOG_COMPILER_APPICON_NAME = AppIcon;
				ASSETCATALOG_COMPILER_GLOBAL_ACCENT_COLOR_NAME = AccentColor;
				CODE_SIGN_STYLE = Automatic;
				CURRENT_PROJECT_VERSION = 1;
				DEVELOPMENT_TEAM = 3K2L7464WX;
				GENERATE_INFOPLIST_FILE = YES;
				INFOPLIST_FILE = "You are Awesome!/Info.plist";
				INFOPLIST_KEY_UIApplicationSupportsIndirectInputEvents = YES;
				INFOPLIST_KEY_UILaunchStoryboardName = LaunchScreen;
				INFOPLIST_KEY_UIMainStoryboardFile = Main;
				INFOPLIST_KEY_UISupportedInterfaceOrientations_iPad = "UIInterfaceOrientationPortrait UIInterfaceOrientationPortraitUpsideDown UIInterfaceOrientationLandscapeLeft UIInterfaceOrientationLandscapeRight";
				INFOPLIST_KEY_UISupportedInterfaceOrientations_iPhone = "UIInterfaceOrientationPortrait UIInterfaceOrientationLandscapeLeft UIInterfaceOrientationLandscapeRight";
				LD_RUNPATH_SEARCH_PATHS = (
					"$(inherited)",
					"@executable_path/Frameworks",
				);
				MARKETING_VERSION = 1.0;
				PRODUCT_BUNDLE_IDENTIFIER = "com.fenton.You-are-Awesome-";
				PRODUCT_NAME = "$(TARGET_NAME)";
				SWIFT_EMIT_LOC_STRINGS = YES;
				SWIFT_VERSION = 5.0;
				TARGETED_DEVICE_FAMILY = "1,2";
			};
			name = Debug;
		};
		28E560F6279E60530052200F /* Release */ = {
			isa = XCBuildConfiguration;
			buildSettings = {
				ASSETCATALOG_COMPILER_APPICON_NAME = AppIcon;
				ASSETCATALOG_COMPILER_GLOBAL_ACCENT_COLOR_NAME = AccentColor;
				CODE_SIGN_STYLE = Automatic;
				CURRENT_PROJECT_VERSION = 1;
				DEVELOPMENT_TEAM = 3K2L7464WX;
				GENERATE_INFOPLIST_FILE = YES;
				INFOPLIST_FILE = "You are Awesome!/Info.plist";
				INFOPLIST_KEY_UIApplicationSupportsIndirectInputEvents = YES;
				INFOPLIST_KEY_UILaunchStoryboardName = LaunchScreen;
				INFOPLIST_KEY_UIMainStoryboardFile = Main;
				INFOPLIST_KEY_UISupportedInterfaceOrientations_iPad = "UIInterfaceOrientationPortrait UIInterfaceOrientationPortraitUpsideDown UIInterfaceOrientationLandscapeLeft UIInterfaceOrientationLandscapeRight";
				INFOPLIST_KEY_UISupportedInterfaceOrientations_iPhone = "UIInterfaceOrientationPortrait UIInterfaceOrientationLandscapeLeft UIInterfaceOrientationLandscapeRight";
				LD_RUNPATH_SEARCH_PATHS = (
					"$(inherited)",
					"@executable_path/Frameworks",
				);
				MARKETING_VERSION = 1.0;
				PRODUCT_BUNDLE_IDENTIFIER = "com.fenton.You-are-Awesome-";
				PRODUCT_NAME = "$(TARGET_NAME)";
				SWIFT_EMIT_LOC_STRINGS = YES;
				SWIFT_VERSION = 5.0;
				TARGETED_DEVICE_FAMILY = "1,2";
			};
			name = Release;
		};
		28E560F8279E60530052200F /* Debug */ = {
			isa = XCBuildConfiguration;
			buildSettings = {
				ALWAYS_EMBED_SWIFT_STANDARD_LIBRARIES = YES;
				BUNDLE_LOADER = "$(TEST_HOST)";
				CODE_SIGN_STYLE = Automatic;
				CURRENT_PROJECT_VERSION = 1;
				DEVELOPMENT_TEAM = 3K2L7464WX;
				GENERATE_INFOPLIST_FILE = YES;
				IPHONEOS_DEPLOYMENT_TARGET = 15.2;
				MARKETING_VERSION = 1.0;
				PRODUCT_BUNDLE_IDENTIFIER = "com.fenton.You-are-Awesome-Tests";
				PRODUCT_NAME = "$(TARGET_NAME)";
				SWIFT_EMIT_LOC_STRINGS = NO;
				SWIFT_VERSION = 5.0;
				TARGETED_DEVICE_FAMILY = "1,2";
				TEST_HOST = "$(BUILT_PRODUCTS_DIR)/You are Awesome!.app/You are Awesome!";
			};
			name = Debug;
		};
		28E560F9279E60530052200F /* Release */ = {
			isa = XCBuildConfiguration;
			buildSettings = {
				ALWAYS_EMBED_SWIFT_STANDARD_LIBRARIES = YES;
				BUNDLE_LOADER = "$(TEST_HOST)";
				CODE_SIGN_STYLE = Automatic;
				CURRENT_PROJECT_VERSION = 1;
				DEVELOPMENT_TEAM = 3K2L7464WX;
				GENERATE_INFOPLIST_FILE = YES;
				IPHONEOS_DEPLOYMENT_TARGET = 15.2;
				MARKETING_VERSION = 1.0;
				PRODUCT_BUNDLE_IDENTIFIER = "com.fenton.You-are-Awesome-Tests";
				PRODUCT_NAME = "$(TARGET_NAME)";
				SWIFT_EMIT_LOC_STRINGS = NO;
				SWIFT_VERSION = 5.0;
				TARGETED_DEVICE_FAMILY = "1,2";
				TEST_HOST = "$(BUILT_PRODUCTS_DIR)/You are Awesome!.app/You are Awesome!";
			};
			name = Release;
		};
		28E560FB279E60530052200F /* Debug */ = {
			isa = XCBuildConfiguration;
			buildSettings = {
				ALWAYS_EMBED_SWIFT_STANDARD_LIBRARIES = YES;
				CODE_SIGN_STYLE = Automatic;
				CURRENT_PROJECT_VERSION = 1;
				DEVELOPMENT_TEAM = 3K2L7464WX;
				GENERATE_INFOPLIST_FILE = YES;
				MARKETING_VERSION = 1.0;
				PRODUCT_BUNDLE_IDENTIFIER = "com.fenton.You-are-Awesome-UITests";
				PRODUCT_NAME = "$(TARGET_NAME)";
				SWIFT_EMIT_LOC_STRINGS = NO;
				SWIFT_VERSION = 5.0;
				TARGETED_DEVICE_FAMILY = "1,2";
				TEST_TARGET_NAME = "You are Awesome!";
			};
			name = Debug;
		};
		28E560FC279E60530052200F /* Release */ = {
			isa = XCBuildConfiguration;
			buildSettings = {
				ALWAYS_EMBED_SWIFT_STANDARD_LIBRARIES = YES;
				CODE_SIGN_STYLE = Automatic;
				CURRENT_PROJECT_VERSION = 1;
				DEVELOPMENT_TEAM = 3K2L7464WX;
				GENERATE_INFOPLIST_FILE = YES;
				MARKETING_VERSION = 1.0;
				PRODUCT_BUNDLE_IDENTIFIER = "com.fenton.You-are-Awesome-UITests";
				PRODUCT_NAME = "$(TARGET_NAME)";
				SWIFT_EMIT_LOC_STRINGS = NO;
				SWIFT_VERSION = 5.0;
				TARGETED_DEVICE_FAMILY = "1,2";
				TEST_TARGET_NAME = "You are Awesome!";
			};
			name = Release;
		};
/* End XCBuildConfiguration section */

/* Begin XCConfigurationList section */
		28E560C5279E604C0052200F /* Build configuration list for PBXProject "You are Awesome!" */ = {
			isa = XCConfigurationList;
			buildConfigurations = (
				28E560F2279E60530052200F /* Debug */,
				28E560F3279E60530052200F /* Release */,
			);
			defaultConfigurationIsVisible = 0;
			defaultConfigurationName = Release;
		};
		28E560F4279E60530052200F /* Build configuration list for PBXNativeTarget "You are Awesome!" */ = {
			isa = XCConfigurationList;
			buildConfigurations = (
				28E560F5279E60530052200F /* Debug */,
				28E560F6279E60530052200F /* Release */,
			);
			defaultConfigurationIsVisible = 0;
			defaultConfigurationName = Release;
		};
		28E560F7279E60530052200F /* Build configuration list for PBXNativeTarget "You are Awesome!Tests" */ = {
			isa = XCConfigurationList;
			buildConfigurations = (
				28E560F8279E60530052200F /* Debug */,
				28E560F9279E60530052200F /* Release */,
			);
			defaultConfigurationIsVisible = 0;
			defaultConfigurationName = Release;
		};
		28E560FA279E60530052200F /* Build configuration list for PBXNativeTarget "You are Awesome!UITests" */ = {
			isa = XCConfigurationList;
			buildConfigurations = (
				28E560FB279E60530052200F /* Debug */,
				28E560FC279E60530052200F /* Release */,
			);
			defaultConfigurationIsVisible = 0;
			defaultConfigurationName = Release;
		};
/* End XCConfigurationList section */
	};
	rootObject = 28E560C2279E604C0052200F /* Project object */;
}
